
Microsoft Visual Studio Solution File, Format Version 12.00
# Visual Studio Version 17
VisualStudioVersion = 17.0.32014.148
MinimumVisualStudioVersion = 10.0.40219.1
Project("{9A19103F-16F7-4668-BE54-9A1E7A4F7556}") = "Fhi.HelseId", "Fhi.HelseId\Fhi.HelseId.csproj", "{77C0F2D9-7184-4BF5-9EF2-E9042789E032}"
EndProject
Project("{2150E333-8FDC-42A3-9474-1A3956D46DE8}") = "Solution Items", "Solution Items", "{DCBAE3A1-3C8A-4562-B9C3-0CCE7E65E794}"
	ProjectSection(SolutionItems) = preProject
		.editorconfig = .editorconfig
		.gitignore = .gitignore
		copylocal.cmd = copylocal.cmd
		Fhi.HelseId.CI.yml = Fhi.HelseId.CI.yml
		.github\workflows\Fhi.HelseId.Nuget.yml = .github\workflows\Fhi.HelseId.Nuget.yml
		license.txt = license.txt
		nuget.config = nuget.config
		readme.md = readme.md
	EndProjectSection
EndProject
Project("{9A19103F-16F7-4668-BE54-9A1E7A4F7556}") = "Fhi.HelseId.Tests", "Fhi.HelseId.Tests\Fhi.HelseId.Tests.csproj", "{7ED5EF48-028C-4AB2-A26E-55BD6B20B9EB}"
EndProject
Project("{2150E333-8FDC-42A3-9474-1A3956D46DE8}") = "Tools", "Tools", "{01EA8EA1-FBAA-493B-9E21-08F5DD60BBD4}"
	ProjectSection(SolutionItems) = preProject
		ToolsHpr\FromVolven.txt = ToolsHpr\FromVolven.txt
		ToolsHpr\GenerateOid9060.py = ToolsHpr\GenerateOid9060.py
		ToolsHpr\readme.oid9060.md = ToolsHpr\readme.oid9060.md
	EndProjectSection
EndProject
Project("{9A19103F-16F7-4668-BE54-9A1E7A4F7556}") = "Fhi.HelseId.Altinn", "Fhi.HelseId.Altinn\Fhi.HelseId.Altinn.csproj", "{4E08F9CB-A0E5-4C9A-A082-D338249C74D5}"
EndProject
Project("{9A19103F-16F7-4668-BE54-9A1E7A4F7556}") = "Fhi.HelseId.Altinn.Tests", "Fhi.HelseId.Altinn.Tests\Fhi.HelseId.Altinn.Tests.csproj", "{6809AEE6-1757-4B99-AD7F-A4F0B998FFAF}"
EndProject
Project("{9A19103F-16F7-4668-BE54-9A1E7A4F7556}") = "Fhi.HelseId.Worker", "Fhi.HelseId.Worker\Fhi.HelseId.Worker.csproj", "{FAE53477-A2FF-4D33-855D-8B81328FAAFF}"
EndProject
Project("{2150E333-8FDC-42A3-9474-1A3956D46DE8}") = "github", "github", "{62DC297D-5B06-4E8E-B693-6A386015DE8B}"
	ProjectSection(SolutionItems) = preProject
		.github\dependabot.yml = .github\dependabot.yml
	EndProjectSection
EndProject
Project("{2150E333-8FDC-42A3-9474-1A3956D46DE8}") = "workflows", "workflows", "{A6F5B018-08C3-4F6D-BEC7-D7412D39D9BF}"
	ProjectSection(SolutionItems) = preProject
		.github\workflows\Fhi.HelseId.AltInn.Nuget = .github\workflows\Fhi.HelseId.AltInn.Nuget
		.github\workflows\Fhi.HelseId.CI.yml = .github\workflows\Fhi.HelseId.CI.yml
		.github\workflows\Fhi.HelseId.Nuget.yml = .github\workflows\Fhi.HelseId.Nuget.yml
	EndProjectSection
EndProject
Project("{9A19103F-16F7-4668-BE54-9A1E7A4F7556}") = "Fhi.HelseId.TestSupport", "Fhi.HelseId.TestSupport\Fhi.HelseId.TestSupport.csproj", "{CDA0E41D-AB40-4ED7-8670-8E95211FDE6D}"
EndProject
Project("{9A19103F-16F7-4668-BE54-9A1E7A4F7556}") = "Fhi.HelseId.Worker.Tests", "Fhi.HelseId.Worker.Tests\Fhi.HelseId.Worker.Tests.csproj", "{66218DF3-B80B-4899-A2BE-4527D4B4CE6D}"
EndProject
Global
	GlobalSection(SolutionConfigurationPlatforms) = preSolution
		Debug|Any CPU = Debug|Any CPU
		Release|Any CPU = Release|Any CPU
	EndGlobalSection
	GlobalSection(ProjectConfigurationPlatforms) = postSolution
		{77C0F2D9-7184-4BF5-9EF2-E9042789E032}.Debug|Any CPU.ActiveCfg = Debug|Any CPU
		{77C0F2D9-7184-4BF5-9EF2-E9042789E032}.Debug|Any CPU.Build.0 = Debug|Any CPU
		{77C0F2D9-7184-4BF5-9EF2-E9042789E032}.Release|Any CPU.ActiveCfg = Release|Any CPU
		{77C0F2D9-7184-4BF5-9EF2-E9042789E032}.Release|Any CPU.Build.0 = Release|Any CPU
		{7ED5EF48-028C-4AB2-A26E-55BD6B20B9EB}.Debug|Any CPU.ActiveCfg = Debug|Any CPU
		{7ED5EF48-028C-4AB2-A26E-55BD6B20B9EB}.Debug|Any CPU.Build.0 = Debug|Any CPU
		{7ED5EF48-028C-4AB2-A26E-55BD6B20B9EB}.Release|Any CPU.ActiveCfg = Release|Any CPU
		{7ED5EF48-028C-4AB2-A26E-55BD6B20B9EB}.Release|Any CPU.Build.0 = Release|Any CPU
		{4E08F9CB-A0E5-4C9A-A082-D338249C74D5}.Debug|Any CPU.ActiveCfg = Debug|Any CPU
		{4E08F9CB-A0E5-4C9A-A082-D338249C74D5}.Debug|Any CPU.Build.0 = Debug|Any CPU
		{4E08F9CB-A0E5-4C9A-A082-D338249C74D5}.Release|Any CPU.ActiveCfg = Release|Any CPU
		{4E08F9CB-A0E5-4C9A-A082-D338249C74D5}.Release|Any CPU.Build.0 = Release|Any CPU
		{6809AEE6-1757-4B99-AD7F-A4F0B998FFAF}.Debug|Any CPU.ActiveCfg = Debug|Any CPU
		{6809AEE6-1757-4B99-AD7F-A4F0B998FFAF}.Debug|Any CPU.Build.0 = Debug|Any CPU
		{6809AEE6-1757-4B99-AD7F-A4F0B998FFAF}.Release|Any CPU.ActiveCfg = Release|Any CPU
		{6809AEE6-1757-4B99-AD7F-A4F0B998FFAF}.Release|Any CPU.Build.0 = Release|Any CPU
		{FAE53477-A2FF-4D33-855D-8B81328FAAFF}.Debug|Any CPU.ActiveCfg = Debug|Any CPU
		{FAE53477-A2FF-4D33-855D-8B81328FAAFF}.Debug|Any CPU.Build.0 = Debug|Any CPU
		{FAE53477-A2FF-4D33-855D-8B81328FAAFF}.Release|Any CPU.ActiveCfg = Release|Any CPU
		{FAE53477-A2FF-4D33-855D-8B81328FAAFF}.Release|Any CPU.Build.0 = Release|Any CPU
		{CDA0E41D-AB40-4ED7-8670-8E95211FDE6D}.Debug|Any CPU.ActiveCfg = Debug|Any CPU
		{CDA0E41D-AB40-4ED7-8670-8E95211FDE6D}.Debug|Any CPU.Build.0 = Debug|Any CPU
		{CDA0E41D-AB40-4ED7-8670-8E95211FDE6D}.Release|Any CPU.ActiveCfg = Release|Any CPU
		{CDA0E41D-AB40-4ED7-8670-8E95211FDE6D}.Release|Any CPU.Build.0 = Release|Any CPU
		{66218DF3-B80B-4899-A2BE-4527D4B4CE6D}.Debug|Any CPU.ActiveCfg = Debug|Any CPU
		{66218DF3-B80B-4899-A2BE-4527D4B4CE6D}.Debug|Any CPU.Build.0 = Debug|Any CPU
		{66218DF3-B80B-4899-A2BE-4527D4B4CE6D}.Release|Any CPU.ActiveCfg = Release|Any CPU
		{66218DF3-B80B-4899-A2BE-4527D4B4CE6D}.Release|Any CPU.Build.0 = Release|Any CPU
	EndGlobalSection
	GlobalSection(SolutionProperties) = preSolution
		HideSolutionNode = FALSE
	EndGlobalSection
	GlobalSection(NestedProjects) = preSolution
		{01EA8EA1-FBAA-493B-9E21-08F5DD60BBD4} = {DCBAE3A1-3C8A-4562-B9C3-0CCE7E65E794}
		{62DC297D-5B06-4E8E-B693-6A386015DE8B} = {DCBAE3A1-3C8A-4562-B9C3-0CCE7E65E794}
		{A6F5B018-08C3-4F6D-BEC7-D7412D39D9BF} = {62DC297D-5B06-4E8E-B693-6A386015DE8B}
	EndGlobalSection
	GlobalSection(ExtensibilityGlobals) = postSolution
		SolutionGuid = {86F7821B-A993-418C-A722-A7F42928741A}
	EndGlobalSection
EndGlobal
